
Microsoft Visual Studio Solution File, Format Version 12.00
# Visual Studio 2013
VisualStudioVersion = 12.0.30501.0
MinimumVisualStudioVersion = 10.0.40219.1
Project("{FAE04EC0-301F-11D3-BF4B-00C04F79EFBC}") = "FreezeInside", "ClassLibrary1\FreezeInside.csproj", "{175F328C-1390-46B0-B635-2D34E15ABA00}"
EndProject
Global
	GlobalSection(SolutionConfigurationPlatforms) = preSolution
		Debug|Any CPU = Debug|Any CPU
		Release|Any CPU = Release|Any CPU
	EndGlobalSection
	GlobalSection(ProjectConfigurationPlatforms) = postSolution
		{175F328C-1390-46B0-B635-2D34E15ABA00}.Debug|Any CPU.ActiveCfg = Debug|Any CPU
		{175F328C-1390-46B0-B635-2D34E15ABA00}.Debug|Any CPU.Build.0 = Debug|Any CPU
		{175F328C-1390-46B0-B635-2D34E15ABA00}.Release|Any CPU.ActiveCfg = Release|Any CPU
		{175F328C-1390-46B0-B635-2D34E15ABA00}.Release|Any CPU.Build.0 = Release|Any CPU
	EndGlobalSection
	GlobalSection(SolutionProperties) = preSolution
		HideSolutionNode = FALSE
	EndGlobalSection
EndGlobal
